
Microsoft Visual Studio Solution File, Format Version 12.00
# Visual Studio Version 16
VisualStudioVersion = 16.0.31025.194
MinimumVisualStudioVersion = 10.0.40219.1
Project("{FAE04EC0-301F-11D3-BF4B-00C04F79EFBC}") = "lectorArchivo", "lectorArchivo\lectorArchivo.csproj", "{E6CF3CC5-CDC8-407C-B492-4BF1151A7096}"
EndProject
Global
	GlobalSection(SolutionConfigurationPlatforms) = preSolution
		Debug|Any CPU = Debug|Any CPU
		Release|Any CPU = Release|Any CPU
	EndGlobalSection
	GlobalSection(ProjectConfigurationPlatforms) = postSolution
		{E6CF3CC5-CDC8-407C-B492-4BF1151A7096}.Debug|Any CPU.ActiveCfg = Debug|Any CPU
		{E6CF3CC5-CDC8-407C-B492-4BF1151A7096}.Debug|Any CPU.Build.0 = Debug|Any CPU
		{E6CF3CC5-CDC8-407C-B492-4BF1151A7096}.Release|Any CPU.ActiveCfg = Release|Any CPU
		{E6CF3CC5-CDC8-407C-B492-4BF1151A7096}.Release|Any CPU.Build.0 = Release|Any CPU
	EndGlobalSection
	GlobalSection(SolutionProperties) = preSolution
		HideSolutionNode = FALSE
	EndGlobalSection
	GlobalSection(ExtensibilityGlobals) = postSolution
		SolutionGuid = {94AD0FEF-FC12-4469-9E08-1EB2C58F8E28}
	EndGlobalSection
EndGlobal
